github.com/deltegui/hx v0.1.2 h1:qQhPQ2hoeh5ZYZZjIA4j8gDBx6sZggXOWQFauSrStxI=
github.com/deltegui/hx v0.1.2/go.mod h1:OnBfzVwHwH66T9hfhCXGWyECZ+3AWWziafS7n9xxn1A=
honnef.co/go/js/dom/v2 v2.0.0-20250304181735-b5e52f05e89d h1:ONCmIS7pmOp+CZaqNKu7umBrvOnmthfmPbs4ZMR9v+U=
honnef.co/go/js/dom/v2 v2.0.0-20250304181735-b5e52f05e89d/go.mod h1:+JtEcbinwR4znM12aluJ3WjKgvhDPKPQ8hnP4YM+4jI=
